<?xml version="1.0" encoding="utf-8"?>
<Project ToolsVersion="4.0" xmlns="http://schemas.microsoft.com/developer/msbuild/2003">
  <ItemGroup>
    <Filter Include="소스 파일">
      <UniqueIdentifier>{4FC737F1-C7A5-4376-A066-2A32D752A2FF}</UniqueIdentifier>
      <Extensions>cpp;c;cc;cxx;c++;cppm;ixx;def;odl;idl;hpj;bat;asm;asmx</Extensions>
    </Filter>
    <Filter Include="헤더 파일">
      <UniqueIdentifier>{93995380-89BD-4b04-88EB-625FBE52EBFB}</UniqueIdentifier>
      <Extensions>h;hh;hpp;hxx;h++;hm;inl;inc;ipp;xsd</Extensions>
    </Filter>
    <Filter Include="리소스 파일">
      <UniqueIdentifier>{67DA6AB6-F800-4c08-8B7A-83BB121AAD01}</UniqueIdentifier>
      <Extensions>rc;ico;cur;bmp;dlg;rc2;rct;bin;rgs;gif;jpg;jpeg;jpe;resx;tiff;tif;png;wav;mfcribbon-ms</Extensions>
    </Filter>
    <Filter Include="prj7">
      <UniqueIdentifier>{0ec878ea-1a6d-42dc-a6a5-6e643aad8543}</UniqueIdentifier>
    </Filter>
    <Filter Include="prj7\header">
      <UniqueIdentifier>{9c0de75b-2133-45bb-9cd5-51dde64089a8}</UniqueIdentifier>
    </Filter>
    <Filter Include="prj7\cpp">
      <UniqueIdentifier>{3a43ac7c-4ff9-4e2b-90ed-8579e8391924}</UniqueIdentifier>
    </Filter>
    <Filter Include="prj8">
      <UniqueIdentifier>{4df5b383-5295-4e55-97e3-c5c8a6f56924}</UniqueIdentifier>
    </Filter>
  </ItemGroup>
  <ItemGroup>
    <ClCompile Include="main.cpp">
      <Filter>소스 파일</Filter>
    </ClCompile>
    <ClCompile Include="proj1.cpp">
      <Filter>소스 파일</Filter>
    </ClCompile>
    <ClCompile Include="proj2.cpp">
      <Filter>소스 파일</Filter>
    </ClCompile>
    <ClCompile Include="LRvalue.cpp">
      <Filter>소스 파일</Filter>
    </ClCompile>
    <ClCompile Include="thread.cpp">
      <Filter>소스 파일</Filter>
    </ClCompile>
    <ClCompile Include="thread_Handling.cpp">
      <Filter>소스 파일</Filter>
    </ClCompile>
    <ClCompile Include="try_catch.cpp">
      <Filter>소스 파일</Filter>
    </ClCompile>
    <ClCompile Include="localThread.cpp">
      <Filter>소스 파일</Filter>
    </ClCompile>
    <ClCompile Include="proj2_test.cpp">
      <Filter>소스 파일</Filter>
    </ClCompile>
    <ClCompile Include="thread_Ex.cpp">
      <Filter>소스 파일</Filter>
    </ClCompile>
    <ClCompile Include="proj3.cpp">
      <Filter>소스 파일</Filter>
    </ClCompile>
    <ClCompile Include="proj4.cpp">
      <Filter>소스 파일</Filter>
    </ClCompile>
    <ClCompile Include="proj5.cpp">
      <Filter>소스 파일</Filter>
    </ClCompile>
    <ClCompile Include="proj6.cpp">
      <Filter>소스 파일</Filter>
    </ClCompile>
    <ClCompile Include="proj7.cpp">
      <Filter>prj7</Filter>
    </ClCompile>
    <ClCompile Include="Character.cpp">
      <Filter>prj7\cpp</Filter>
    </ClCompile>
    <ClCompile Include="Weapon.cpp">
      <Filter>prj7\cpp</Filter>
    </ClCompile>
    <ClCompile Include="Sword.cpp">
      <Filter>prj7\cpp</Filter>
    </ClCompile>
    <ClCompile Include="Gun.cpp">
      <Filter>prj7\cpp</Filter>
    </ClCompile>
    <ClCompile Include="CPP_Study.cpp">
      <Filter>prj8</Filter>
    </ClCompile>
    <ClCompile Include="Creature.cpp">
      <Filter>prj8</Filter>
    </ClCompile>
    <ClCompile Include="Field.cpp">
      <Filter>prj8</Filter>
    </ClCompile>
    <ClCompile Include="Game.cpp">
      <Filter>prj8</Filter>
    </ClCompile>
    <ClCompile Include="Monster.cpp">
      <Filter>prj8</Filter>
    </ClCompile>
    <ClCompile Include="Player.cpp">
      <Filter>prj8</Filter>
    </ClCompile>
  </ItemGroup>
  <ItemGroup>
    <ClInclude Include="Character.h">
      <Filter>prj7\header</Filter>
    </ClInclude>
    <ClInclude Include="Gun.h">
      <Filter>prj7\header</Filter>
    </ClInclude>
    <ClInclude Include="Sword.h">
      <Filter>prj7\header</Filter>
    </ClInclude>
    <ClInclude Include="Weapon.h">
      <Filter>prj7\header</Filter>
    </ClInclude>
    <ClInclude Include="Creature.h">
      <Filter>prj8</Filter>
    </ClInclude>
    <ClInclude Include="Field.h">
      <Filter>prj8</Filter>
    </ClInclude>
    <ClInclude Include="Game.h">
      <Filter>prj8</Filter>
    </ClInclude>
    <ClInclude Include="Monster.h">
      <Filter>prj8</Filter>
    </ClInclude>
    <ClInclude Include="Player.h">
      <Filter>prj8</Filter>
    </ClInclude>
  </ItemGroup>
</Project>